
Microsoft Visual Studio Solution File, Format Version 12.00
# Visual Studio 15
VisualStudioVersion = 15.0.26430.15
MinimumVisualStudioVersion = 10.0.40219.1
Project("{FAE04EC0-301F-11D3-BF4B-00C04F79EFBC}") = "e1 1. Reverse Array", "e1 1. Reverse Array\e1 1. Reverse Array.csproj", "{B4AA6DF5-0BC9-42D4-8F45-088DD227DFA9}"
EndProject
Global
	GlobalSection(SolutionConfigurationPlatforms) = preSolution
		Debug|Any CPU = Debug|Any CPU
		Release|Any CPU = Release|Any CPU
	EndGlobalSection
	GlobalSection(ProjectConfigurationPlatforms) = postSolution
		{B4AA6DF5-0BC9-42D4-8F45-088DD227DFA9}.Debug|Any CPU.ActiveCfg = Debug|Any CPU
		{B4AA6DF5-0BC9-42D4-8F45-088DD227DFA9}.Debug|Any CPU.Build.0 = Debug|Any CPU
		{B4AA6DF5-0BC9-42D4-8F45-088DD227DFA9}.Release|Any CPU.ActiveCfg = Release|Any CPU
		{B4AA6DF5-0BC9-42D4-8F45-088DD227DFA9}.Release|Any CPU.Build.0 = Release|Any CPU
	EndGlobalSection
	GlobalSection(SolutionProperties) = preSolution
		HideSolutionNode = FALSE
	EndGlobalSection
EndGlobal
