
Microsoft Visual Studio Solution File, Format Version 12.00
# Visual Studio 15
VisualStudioVersion = 15.0.26430.15
MinimumVisualStudioVersion = 10.0.40219.1
Project("{FAE04EC0-301F-11D3-BF4B-00C04F79EFBC}") = "e2 2. Nested Loops To Recursion", "e2 2. Nested Loops To Recursion\e2 2. Nested Loops To Recursion.csproj", "{AD42EE4B-309E-46C5-81DF-A07872E70D17}"
EndProject
Global
	GlobalSection(SolutionConfigurationPlatforms) = preSolution
		Debug|Any CPU = Debug|Any CPU
		Release|Any CPU = Release|Any CPU
	EndGlobalSection
	GlobalSection(ProjectConfigurationPlatforms) = postSolution
		{AD42EE4B-309E-46C5-81DF-A07872E70D17}.Debug|Any CPU.ActiveCfg = Debug|Any CPU
		{AD42EE4B-309E-46C5-81DF-A07872E70D17}.Debug|Any CPU.Build.0 = Debug|Any CPU
		{AD42EE4B-309E-46C5-81DF-A07872E70D17}.Release|Any CPU.ActiveCfg = Release|Any CPU
		{AD42EE4B-309E-46C5-81DF-A07872E70D17}.Release|Any CPU.Build.0 = Release|Any CPU
	EndGlobalSection
	GlobalSection(SolutionProperties) = preSolution
		HideSolutionNode = FALSE
	EndGlobalSection
EndGlobal
