
Microsoft Visual Studio Solution File, Format Version 12.00
# Visual Studio Version 16
VisualStudioVersion = 16.0.31515.178
MinimumVisualStudioVersion = 10.0.40219.1
Project("{9A19103F-16F7-4668-BE54-9A1E7A4F7556}") = "SumOfCoins", "SumOfCoins\SumOfCoins.csproj", "{FE7D19E2-C5C2-4CCF-A0E3-ECF2B8425139}"
EndProject
Global
	GlobalSection(SolutionConfigurationPlatforms) = preSolution
		Debug|Any CPU = Debug|Any CPU
		Release|Any CPU = Release|Any CPU
	EndGlobalSection
	GlobalSection(ProjectConfigurationPlatforms) = postSolution
		{FE7D19E2-C5C2-4CCF-A0E3-ECF2B8425139}.Debug|Any CPU.ActiveCfg = Debug|Any CPU
		{FE7D19E2-C5C2-4CCF-A0E3-ECF2B8425139}.Debug|Any CPU.Build.0 = Debug|Any CPU
		{FE7D19E2-C5C2-4CCF-A0E3-ECF2B8425139}.Release|Any CPU.ActiveCfg = Release|Any CPU
		{FE7D19E2-C5C2-4CCF-A0E3-ECF2B8425139}.Release|Any CPU.Build.0 = Release|Any CPU
	EndGlobalSection
	GlobalSection(SolutionProperties) = preSolution
		HideSolutionNode = FALSE
	EndGlobalSection
	GlobalSection(ExtensibilityGlobals) = postSolution
		SolutionGuid = {6006DE86-BD47-4D59-B2FC-87C14FF5FE57}
	EndGlobalSection
EndGlobal
