
Microsoft Visual Studio Solution File, Format Version 12.00
# Visual Studio Version 16
VisualStudioVersion = 16.0.32510.428
MinimumVisualStudioVersion = 10.0.40219.1
Project("{FAE04EC0-301F-11D3-BF4B-00C04F79EFBC}") = "01 The Hunting Games", "01 The Hunting Games\01 The Hunting Games.csproj", "{646B360B-FEF2-44D1-BED4-C09DFD2C176F}"
EndProject
Project("{FAE04EC0-301F-11D3-BF4B-00C04F79EFBC}") = "02 Friend List Maintenance", "02 Friend List Maintenance\02 Friend List Maintenance.csproj", "{1FD10197-1C55-48FA-9905-FC4575A3B213}"
EndProject
Project("{FAE04EC0-301F-11D3-BF4B-00C04F79EFBC}") = "03 The Angry Cat", "03 The Angry Cat\03 The Angry Cat.csproj", "{9ADA5D1B-375A-4F06-BA78-BB5B50510877}"
EndProject
Global
	GlobalSection(SolutionConfigurationPlatforms) = preSolution
		Debug|Any CPU = Debug|Any CPU
		Release|Any CPU = Release|Any CPU
	EndGlobalSection
	GlobalSection(ProjectConfigurationPlatforms) = postSolution
		{646B360B-FEF2-44D1-BED4-C09DFD2C176F}.Debug|Any CPU.ActiveCfg = Debug|Any CPU
		{646B360B-FEF2-44D1-BED4-C09DFD2C176F}.Debug|Any CPU.Build.0 = Debug|Any CPU
		{646B360B-FEF2-44D1-BED4-C09DFD2C176F}.Release|Any CPU.ActiveCfg = Release|Any CPU
		{646B360B-FEF2-44D1-BED4-C09DFD2C176F}.Release|Any CPU.Build.0 = Release|Any CPU
		{1FD10197-1C55-48FA-9905-FC4575A3B213}.Debug|Any CPU.ActiveCfg = Debug|Any CPU
		{1FD10197-1C55-48FA-9905-FC4575A3B213}.Debug|Any CPU.Build.0 = Debug|Any CPU
		{1FD10197-1C55-48FA-9905-FC4575A3B213}.Release|Any CPU.ActiveCfg = Release|Any CPU
		{1FD10197-1C55-48FA-9905-FC4575A3B213}.Release|Any CPU.Build.0 = Release|Any CPU
		{9ADA5D1B-375A-4F06-BA78-BB5B50510877}.Debug|Any CPU.ActiveCfg = Debug|Any CPU
		{9ADA5D1B-375A-4F06-BA78-BB5B50510877}.Debug|Any CPU.Build.0 = Debug|Any CPU
		{9ADA5D1B-375A-4F06-BA78-BB5B50510877}.Release|Any CPU.ActiveCfg = Release|Any CPU
		{9ADA5D1B-375A-4F06-BA78-BB5B50510877}.Release|Any CPU.Build.0 = Release|Any CPU
	EndGlobalSection
	GlobalSection(SolutionProperties) = preSolution
		HideSolutionNode = FALSE
	EndGlobalSection
	GlobalSection(ExtensibilityGlobals) = postSolution
		SolutionGuid = {E147E2CA-B50A-4AEF-B1CF-17E681E5906B}
	EndGlobalSection
EndGlobal
