
Microsoft Visual Studio Solution File, Format Version 12.00
# Visual Studio Version 17
VisualStudioVersion = 17.0.31903.59
MinimumVisualStudioVersion = 10.0.40219.1
Project("{FAE04EC0-301F-11D3-BF4B-00C04F79EFBC}") = "PersonsInfo", "PersonsInfo\PersonsInfo.csproj", "{B5C58CB1-F614-4563-A89A-67D91752BF41}"
EndProject
Project("{FAE04EC0-301F-11D3-BF4B-00C04F79EFBC}") = "02_Salary_Increase", "02_Salary_Increase\02_Salary_Increase.csproj", "{5B802B09-47CC-404F-BBCE-1F533991F453}"
EndProject
Project("{FAE04EC0-301F-11D3-BF4B-00C04F79EFBC}") = "03_Validation_of_Data", "03_Validation_of_Data\03_Validation_of_Data.csproj", "{F566D7D1-A15D-4952-AAC1-7A7A00D888B0}"
EndProject
Project("{FAE04EC0-301F-11D3-BF4B-00C04F79EFBC}") = "04_First_and_Reserve_Team", "04_First_and_Reserve_Team\04_First_and_Reserve_Team.csproj", "{9BEC432D-D08E-47B5-9986-BB21DCBCED2F}"
EndProject
Global
	GlobalSection(SolutionConfigurationPlatforms) = preSolution
		Debug|Any CPU = Debug|Any CPU
		Release|Any CPU = Release|Any CPU
	EndGlobalSection
	GlobalSection(SolutionProperties) = preSolution
		HideSolutionNode = FALSE
	EndGlobalSection
	GlobalSection(ProjectConfigurationPlatforms) = postSolution
		{B5C58CB1-F614-4563-A89A-67D91752BF41}.Debug|Any CPU.ActiveCfg = Debug|Any CPU
		{B5C58CB1-F614-4563-A89A-67D91752BF41}.Debug|Any CPU.Build.0 = Debug|Any CPU
		{B5C58CB1-F614-4563-A89A-67D91752BF41}.Release|Any CPU.ActiveCfg = Release|Any CPU
		{B5C58CB1-F614-4563-A89A-67D91752BF41}.Release|Any CPU.Build.0 = Release|Any CPU
		{5B802B09-47CC-404F-BBCE-1F533991F453}.Debug|Any CPU.ActiveCfg = Debug|Any CPU
		{5B802B09-47CC-404F-BBCE-1F533991F453}.Debug|Any CPU.Build.0 = Debug|Any CPU
		{5B802B09-47CC-404F-BBCE-1F533991F453}.Release|Any CPU.ActiveCfg = Release|Any CPU
		{5B802B09-47CC-404F-BBCE-1F533991F453}.Release|Any CPU.Build.0 = Release|Any CPU
		{F566D7D1-A15D-4952-AAC1-7A7A00D888B0}.Debug|Any CPU.ActiveCfg = Debug|Any CPU
		{F566D7D1-A15D-4952-AAC1-7A7A00D888B0}.Debug|Any CPU.Build.0 = Debug|Any CPU
		{F566D7D1-A15D-4952-AAC1-7A7A00D888B0}.Release|Any CPU.ActiveCfg = Release|Any CPU
		{F566D7D1-A15D-4952-AAC1-7A7A00D888B0}.Release|Any CPU.Build.0 = Release|Any CPU
		{9BEC432D-D08E-47B5-9986-BB21DCBCED2F}.Debug|Any CPU.ActiveCfg = Debug|Any CPU
		{9BEC432D-D08E-47B5-9986-BB21DCBCED2F}.Debug|Any CPU.Build.0 = Debug|Any CPU
		{9BEC432D-D08E-47B5-9986-BB21DCBCED2F}.Release|Any CPU.ActiveCfg = Release|Any CPU
		{9BEC432D-D08E-47B5-9986-BB21DCBCED2F}.Release|Any CPU.Build.0 = Release|Any CPU
	EndGlobalSection
EndGlobal
