
Microsoft Visual Studio Solution File, Format Version 12.00
# Visual Studio Version 16
VisualStudioVersion = 16.0.30114.105
MinimumVisualStudioVersion = 10.0.40219.1
Project("{FAE04EC0-301F-11D3-BF4B-00C04F79EFBC}") = "01_Advertisement_Message", "01_Advertisement_Message\01_Advertisement_Message.csproj", "{205E9B66-2EDD-4F71-ABCF-8656F0D309EF}"
EndProject
Project("{FAE04EC0-301F-11D3-BF4B-00C04F79EFBC}") = "02_Articles", "02_Articles\02_Articles.csproj", "{7DD8C73D-585C-466F-87F8-E32CE250BE91}"
EndProject
Project("{FAE04EC0-301F-11D3-BF4B-00C04F79EFBC}") = "03_Articles_20", "03_Articles_20\03_Articles_20.csproj", "{DE2BEDFB-3CC7-461E-BFE3-CBB11FEDEA61}"
EndProject
Project("{FAE04EC0-301F-11D3-BF4B-00C04F79EFBC}") = "04_Students", "04_Students\04_Students.csproj", "{06F3F99B-8716-4B44-8C73-B131025D64D9}"
EndProject
Project("{FAE04EC0-301F-11D3-BF4B-00C04F79EFBC}") = "05_Teamwork_Projects", "05_Teamwork_Projects\05_Teamwork_Projects.csproj", "{0980FE26-46C1-4B4A-AF69-117D7C7F3613}"
EndProject
Project("{FAE04EC0-301F-11D3-BF4B-00C04F79EFBC}") = "06_Vehicle_Catalogue", "06_Vehicle_Catalogue\06_Vehicle_Catalogue.csproj", "{B8981919-4EE6-4008-8C85-681EB4F0301F}"
EndProject
Project("{FAE04EC0-301F-11D3-BF4B-00C04F79EFBC}") = "07_Order_by_Age", "07_Order_by_Age\07_Order_by_Age.csproj", "{ED1BB081-EB29-43DC-8026-889CD7CC038F}"
EndProject
Project("{FAE04EC0-301F-11D3-BF4B-00C04F79EFBC}") = "M01_Company_Roster", "M01_Company_Roster\M01_Company_Roster.csproj", "{106F0789-5069-425A-8132-6DBB7229361D}"
EndProject
Project("{FAE04EC0-301F-11D3-BF4B-00C04F79EFBC}") = "M02_Oldest_Family_Member", "M02_Oldest_Family_Member\M02_Oldest_Family_Member.csproj", "{1C327695-61D6-4B5D-A7BC-249D8A695B35}"
EndProject
Project("{FAE04EC0-301F-11D3-BF4B-00C04F79EFBC}") = "M03_Speed_Racing", "M03_Speed_Racing\M03_Speed_Racing.csproj", "{5C84B168-1CE6-4762-9802-3D55C5F1A82B}"
EndProject
Project("{FAE04EC0-301F-11D3-BF4B-00C04F79EFBC}") = "M04_Raw_Data", "M04_Raw_Data\M04_Raw_Data.csproj", "{E9866DC4-0171-4CF3-A587-52B1DBCC00C6}"
EndProject
Project("{FAE04EC0-301F-11D3-BF4B-00C04F79EFBC}") = "M05_Shopping_Spree", "M05_Shopping_Spree\M05_Shopping_Spree.csproj", "{3ACC33B5-FC2E-427B-83B1-015F04924E1A}"
EndProject
Global
	GlobalSection(SolutionConfigurationPlatforms) = preSolution
		Debug|Any CPU = Debug|Any CPU
		Release|Any CPU = Release|Any CPU
	EndGlobalSection
	GlobalSection(SolutionProperties) = preSolution
		HideSolutionNode = FALSE
	EndGlobalSection
	GlobalSection(ProjectConfigurationPlatforms) = postSolution
		{205E9B66-2EDD-4F71-ABCF-8656F0D309EF}.Debug|Any CPU.ActiveCfg = Debug|Any CPU
		{205E9B66-2EDD-4F71-ABCF-8656F0D309EF}.Debug|Any CPU.Build.0 = Debug|Any CPU
		{205E9B66-2EDD-4F71-ABCF-8656F0D309EF}.Release|Any CPU.ActiveCfg = Release|Any CPU
		{205E9B66-2EDD-4F71-ABCF-8656F0D309EF}.Release|Any CPU.Build.0 = Release|Any CPU
		{7DD8C73D-585C-466F-87F8-E32CE250BE91}.Debug|Any CPU.ActiveCfg = Debug|Any CPU
		{7DD8C73D-585C-466F-87F8-E32CE250BE91}.Debug|Any CPU.Build.0 = Debug|Any CPU
		{7DD8C73D-585C-466F-87F8-E32CE250BE91}.Release|Any CPU.ActiveCfg = Release|Any CPU
		{7DD8C73D-585C-466F-87F8-E32CE250BE91}.Release|Any CPU.Build.0 = Release|Any CPU
		{DE2BEDFB-3CC7-461E-BFE3-CBB11FEDEA61}.Debug|Any CPU.ActiveCfg = Debug|Any CPU
		{DE2BEDFB-3CC7-461E-BFE3-CBB11FEDEA61}.Debug|Any CPU.Build.0 = Debug|Any CPU
		{DE2BEDFB-3CC7-461E-BFE3-CBB11FEDEA61}.Release|Any CPU.ActiveCfg = Release|Any CPU
		{DE2BEDFB-3CC7-461E-BFE3-CBB11FEDEA61}.Release|Any CPU.Build.0 = Release|Any CPU
		{06F3F99B-8716-4B44-8C73-B131025D64D9}.Debug|Any CPU.ActiveCfg = Debug|Any CPU
		{06F3F99B-8716-4B44-8C73-B131025D64D9}.Debug|Any CPU.Build.0 = Debug|Any CPU
		{06F3F99B-8716-4B44-8C73-B131025D64D9}.Release|Any CPU.ActiveCfg = Release|Any CPU
		{06F3F99B-8716-4B44-8C73-B131025D64D9}.Release|Any CPU.Build.0 = Release|Any CPU
		{0980FE26-46C1-4B4A-AF69-117D7C7F3613}.Debug|Any CPU.ActiveCfg = Debug|Any CPU
		{0980FE26-46C1-4B4A-AF69-117D7C7F3613}.Debug|Any CPU.Build.0 = Debug|Any CPU
		{0980FE26-46C1-4B4A-AF69-117D7C7F3613}.Release|Any CPU.ActiveCfg = Release|Any CPU
		{0980FE26-46C1-4B4A-AF69-117D7C7F3613}.Release|Any CPU.Build.0 = Release|Any CPU
		{B8981919-4EE6-4008-8C85-681EB4F0301F}.Debug|Any CPU.ActiveCfg = Debug|Any CPU
		{B8981919-4EE6-4008-8C85-681EB4F0301F}.Debug|Any CPU.Build.0 = Debug|Any CPU
		{B8981919-4EE6-4008-8C85-681EB4F0301F}.Release|Any CPU.ActiveCfg = Release|Any CPU
		{B8981919-4EE6-4008-8C85-681EB4F0301F}.Release|Any CPU.Build.0 = Release|Any CPU
		{ED1BB081-EB29-43DC-8026-889CD7CC038F}.Debug|Any CPU.ActiveCfg = Debug|Any CPU
		{ED1BB081-EB29-43DC-8026-889CD7CC038F}.Debug|Any CPU.Build.0 = Debug|Any CPU
		{ED1BB081-EB29-43DC-8026-889CD7CC038F}.Release|Any CPU.ActiveCfg = Release|Any CPU
		{ED1BB081-EB29-43DC-8026-889CD7CC038F}.Release|Any CPU.Build.0 = Release|Any CPU
		{106F0789-5069-425A-8132-6DBB7229361D}.Debug|Any CPU.ActiveCfg = Debug|Any CPU
		{106F0789-5069-425A-8132-6DBB7229361D}.Debug|Any CPU.Build.0 = Debug|Any CPU
		{106F0789-5069-425A-8132-6DBB7229361D}.Release|Any CPU.ActiveCfg = Release|Any CPU
		{106F0789-5069-425A-8132-6DBB7229361D}.Release|Any CPU.Build.0 = Release|Any CPU
		{1C327695-61D6-4B5D-A7BC-249D8A695B35}.Debug|Any CPU.ActiveCfg = Debug|Any CPU
		{1C327695-61D6-4B5D-A7BC-249D8A695B35}.Debug|Any CPU.Build.0 = Debug|Any CPU
		{1C327695-61D6-4B5D-A7BC-249D8A695B35}.Release|Any CPU.ActiveCfg = Release|Any CPU
		{1C327695-61D6-4B5D-A7BC-249D8A695B35}.Release|Any CPU.Build.0 = Release|Any CPU
		{5C84B168-1CE6-4762-9802-3D55C5F1A82B}.Debug|Any CPU.ActiveCfg = Debug|Any CPU
		{5C84B168-1CE6-4762-9802-3D55C5F1A82B}.Debug|Any CPU.Build.0 = Debug|Any CPU
		{5C84B168-1CE6-4762-9802-3D55C5F1A82B}.Release|Any CPU.ActiveCfg = Release|Any CPU
		{5C84B168-1CE6-4762-9802-3D55C5F1A82B}.Release|Any CPU.Build.0 = Release|Any CPU
		{E9866DC4-0171-4CF3-A587-52B1DBCC00C6}.Debug|Any CPU.ActiveCfg = Debug|Any CPU
		{E9866DC4-0171-4CF3-A587-52B1DBCC00C6}.Debug|Any CPU.Build.0 = Debug|Any CPU
		{E9866DC4-0171-4CF3-A587-52B1DBCC00C6}.Release|Any CPU.ActiveCfg = Release|Any CPU
		{E9866DC4-0171-4CF3-A587-52B1DBCC00C6}.Release|Any CPU.Build.0 = Release|Any CPU
		{3ACC33B5-FC2E-427B-83B1-015F04924E1A}.Debug|Any CPU.ActiveCfg = Debug|Any CPU
		{3ACC33B5-FC2E-427B-83B1-015F04924E1A}.Debug|Any CPU.Build.0 = Debug|Any CPU
		{3ACC33B5-FC2E-427B-83B1-015F04924E1A}.Release|Any CPU.ActiveCfg = Release|Any CPU
		{3ACC33B5-FC2E-427B-83B1-015F04924E1A}.Release|Any CPU.Build.0 = Release|Any CPU
	EndGlobalSection
EndGlobal
