
Microsoft Visual Studio Solution File, Format Version 12.00
# Visual Studio Version 16
VisualStudioVersion = 16.0.32510.428
MinimumVisualStudioVersion = 10.0.40219.1
Project("{9A19103F-16F7-4668-BE54-9A1E7A4F7556}") = "01 Integer Operations", "01 Integer Operations\01 Integer Operations.csproj", "{4863849A-9C98-4D3D-8386-E2D37402A15D}"
EndProject
Project("{9A19103F-16F7-4668-BE54-9A1E7A4F7556}") = "02 Sum Digits", "02 Sum Digits\02 Sum Digits.csproj", "{0E9368B1-856B-4BCB-A86C-9EF73D1655C8}"
EndProject
Project("{9A19103F-16F7-4668-BE54-9A1E7A4F7556}") = "03 Elevator", "03 Elevator\03 Elevator.csproj", "{BD7EA129-8235-44E0-BDC8-2FAFA3CA00CC}"
EndProject
Project("{9A19103F-16F7-4668-BE54-9A1E7A4F7556}") = "04 Sum of Chars", "04 Sum of Chars\04 Sum of Chars.csproj", "{C59F5A6B-E432-473C-8E58-064B1FE80F43}"
EndProject
Project("{9A19103F-16F7-4668-BE54-9A1E7A4F7556}") = "05 Print ASCII", "05 Print ASCII\05 Print ASCII.csproj", "{A21E1806-1895-4AF9-BAB0-E73A9F7500FD}"
EndProject
Project("{9A19103F-16F7-4668-BE54-9A1E7A4F7556}") = "06 Triples Lett", "06 Triples Lett\06 Triples Lett.csproj", "{2FC935B4-9823-42DB-926F-FFD93566C934}"
EndProject
Project("{9A19103F-16F7-4668-BE54-9A1E7A4F7556}") = "07 Water Overflow", "07 Water Overflow\07 Water Overflow.csproj", "{E2B9670C-696B-431F-8B92-0E2A9D21D7D8}"
EndProject
Project("{9A19103F-16F7-4668-BE54-9A1E7A4F7556}") = "08 Beer Kegs", "08 Beer Kegs\08 Beer Kegs.csproj", "{8EDA5339-5891-4B96-87C1-3733F2026F4B}"
EndProject
Project("{9A19103F-16F7-4668-BE54-9A1E7A4F7556}") = "09 Spice Must Flow", "09 Spice Must Flow\09 Spice Must Flow.csproj", "{30185E42-D667-410E-8884-489D771DB744}"
EndProject
Project("{FAE04EC0-301F-11D3-BF4B-00C04F79EFBC}") = "10 Pokemon", "10 Pokemon\10 Pokemon.csproj", "{E3A1B6C4-69C0-444D-A294-E4F9070C3B4E}"
EndProject
Project("{FAE04EC0-301F-11D3-BF4B-00C04F79EFBC}") = "11 Snowballs", "11 Snowballs\11 Snowballs.csproj", "{D342D300-B54E-4A12-8889-29FC9DD928EA}"
EndProject
Global
	GlobalSection(SolutionConfigurationPlatforms) = preSolution
		Debug|Any CPU = Debug|Any CPU
		Release|Any CPU = Release|Any CPU
	EndGlobalSection
	GlobalSection(ProjectConfigurationPlatforms) = postSolution
		{4863849A-9C98-4D3D-8386-E2D37402A15D}.Debug|Any CPU.ActiveCfg = Debug|Any CPU
		{4863849A-9C98-4D3D-8386-E2D37402A15D}.Debug|Any CPU.Build.0 = Debug|Any CPU
		{4863849A-9C98-4D3D-8386-E2D37402A15D}.Release|Any CPU.ActiveCfg = Release|Any CPU
		{4863849A-9C98-4D3D-8386-E2D37402A15D}.Release|Any CPU.Build.0 = Release|Any CPU
		{0E9368B1-856B-4BCB-A86C-9EF73D1655C8}.Debug|Any CPU.ActiveCfg = Debug|Any CPU
		{0E9368B1-856B-4BCB-A86C-9EF73D1655C8}.Debug|Any CPU.Build.0 = Debug|Any CPU
		{0E9368B1-856B-4BCB-A86C-9EF73D1655C8}.Release|Any CPU.ActiveCfg = Release|Any CPU
		{0E9368B1-856B-4BCB-A86C-9EF73D1655C8}.Release|Any CPU.Build.0 = Release|Any CPU
		{BD7EA129-8235-44E0-BDC8-2FAFA3CA00CC}.Debug|Any CPU.ActiveCfg = Debug|Any CPU
		{BD7EA129-8235-44E0-BDC8-2FAFA3CA00CC}.Debug|Any CPU.Build.0 = Debug|Any CPU
		{BD7EA129-8235-44E0-BDC8-2FAFA3CA00CC}.Release|Any CPU.ActiveCfg = Release|Any CPU
		{BD7EA129-8235-44E0-BDC8-2FAFA3CA00CC}.Release|Any CPU.Build.0 = Release|Any CPU
		{C59F5A6B-E432-473C-8E58-064B1FE80F43}.Debug|Any CPU.ActiveCfg = Debug|Any CPU
		{C59F5A6B-E432-473C-8E58-064B1FE80F43}.Debug|Any CPU.Build.0 = Debug|Any CPU
		{C59F5A6B-E432-473C-8E58-064B1FE80F43}.Release|Any CPU.ActiveCfg = Release|Any CPU
		{C59F5A6B-E432-473C-8E58-064B1FE80F43}.Release|Any CPU.Build.0 = Release|Any CPU
		{A21E1806-1895-4AF9-BAB0-E73A9F7500FD}.Debug|Any CPU.ActiveCfg = Debug|Any CPU
		{A21E1806-1895-4AF9-BAB0-E73A9F7500FD}.Debug|Any CPU.Build.0 = Debug|Any CPU
		{A21E1806-1895-4AF9-BAB0-E73A9F7500FD}.Release|Any CPU.ActiveCfg = Release|Any CPU
		{A21E1806-1895-4AF9-BAB0-E73A9F7500FD}.Release|Any CPU.Build.0 = Release|Any CPU
		{2FC935B4-9823-42DB-926F-FFD93566C934}.Debug|Any CPU.ActiveCfg = Debug|Any CPU
		{2FC935B4-9823-42DB-926F-FFD93566C934}.Debug|Any CPU.Build.0 = Debug|Any CPU
		{2FC935B4-9823-42DB-926F-FFD93566C934}.Release|Any CPU.ActiveCfg = Release|Any CPU
		{2FC935B4-9823-42DB-926F-FFD93566C934}.Release|Any CPU.Build.0 = Release|Any CPU
		{E2B9670C-696B-431F-8B92-0E2A9D21D7D8}.Debug|Any CPU.ActiveCfg = Debug|Any CPU
		{E2B9670C-696B-431F-8B92-0E2A9D21D7D8}.Debug|Any CPU.Build.0 = Debug|Any CPU
		{E2B9670C-696B-431F-8B92-0E2A9D21D7D8}.Release|Any CPU.ActiveCfg = Release|Any CPU
		{E2B9670C-696B-431F-8B92-0E2A9D21D7D8}.Release|Any CPU.Build.0 = Release|Any CPU
		{8EDA5339-5891-4B96-87C1-3733F2026F4B}.Debug|Any CPU.ActiveCfg = Debug|Any CPU
		{8EDA5339-5891-4B96-87C1-3733F2026F4B}.Debug|Any CPU.Build.0 = Debug|Any CPU
		{8EDA5339-5891-4B96-87C1-3733F2026F4B}.Release|Any CPU.ActiveCfg = Release|Any CPU
		{8EDA5339-5891-4B96-87C1-3733F2026F4B}.Release|Any CPU.Build.0 = Release|Any CPU
		{30185E42-D667-410E-8884-489D771DB744}.Debug|Any CPU.ActiveCfg = Debug|Any CPU
		{30185E42-D667-410E-8884-489D771DB744}.Debug|Any CPU.Build.0 = Debug|Any CPU
		{30185E42-D667-410E-8884-489D771DB744}.Release|Any CPU.ActiveCfg = Release|Any CPU
		{30185E42-D667-410E-8884-489D771DB744}.Release|Any CPU.Build.0 = Release|Any CPU
		{E3A1B6C4-69C0-444D-A294-E4F9070C3B4E}.Debug|Any CPU.ActiveCfg = Debug|Any CPU
		{E3A1B6C4-69C0-444D-A294-E4F9070C3B4E}.Debug|Any CPU.Build.0 = Debug|Any CPU
		{E3A1B6C4-69C0-444D-A294-E4F9070C3B4E}.Release|Any CPU.ActiveCfg = Release|Any CPU
		{E3A1B6C4-69C0-444D-A294-E4F9070C3B4E}.Release|Any CPU.Build.0 = Release|Any CPU
		{D342D300-B54E-4A12-8889-29FC9DD928EA}.Debug|Any CPU.ActiveCfg = Debug|Any CPU
		{D342D300-B54E-4A12-8889-29FC9DD928EA}.Debug|Any CPU.Build.0 = Debug|Any CPU
		{D342D300-B54E-4A12-8889-29FC9DD928EA}.Release|Any CPU.ActiveCfg = Release|Any CPU
		{D342D300-B54E-4A12-8889-29FC9DD928EA}.Release|Any CPU.Build.0 = Release|Any CPU
	EndGlobalSection
	GlobalSection(SolutionProperties) = preSolution
		HideSolutionNode = FALSE
	EndGlobalSection
	GlobalSection(ExtensibilityGlobals) = postSolution
		SolutionGuid = {A900858E-10FC-4028-8F84-9681FA904263}
	EndGlobalSection
EndGlobal
