
Microsoft Visual Studio Solution File, Format Version 12.00
# Visual Studio Version 17
VisualStudioVersion = 17.4.33103.184
MinimumVisualStudioVersion = 10.0.40219.1
Project("{9A19103F-16F7-4668-BE54-9A1E7A4F7556}") = "01_Stealer", "01_Stealer\01_Stealer.csproj", "{232B4942-148E-4553-A2C6-2D086D9CDA89}"
EndProject
Project("{FAE04EC0-301F-11D3-BF4B-00C04F79EFBC}") = "05_Create_Attribute", "05_Create_Attribute\05_Create_Attribute.csproj", "{4D4077C2-4365-437E-A47E-207DB6E08D54}"
EndProject
Global
	GlobalSection(SolutionConfigurationPlatforms) = preSolution
		Debug|Any CPU = Debug|Any CPU
		Release|Any CPU = Release|Any CPU
	EndGlobalSection
	GlobalSection(ProjectConfigurationPlatforms) = postSolution
		{232B4942-148E-4553-A2C6-2D086D9CDA89}.Debug|Any CPU.ActiveCfg = Debug|Any CPU
		{232B4942-148E-4553-A2C6-2D086D9CDA89}.Debug|Any CPU.Build.0 = Debug|Any CPU
		{232B4942-148E-4553-A2C6-2D086D9CDA89}.Release|Any CPU.ActiveCfg = Release|Any CPU
		{232B4942-148E-4553-A2C6-2D086D9CDA89}.Release|Any CPU.Build.0 = Release|Any CPU
		{4D4077C2-4365-437E-A47E-207DB6E08D54}.Debug|Any CPU.ActiveCfg = Debug|Any CPU
		{4D4077C2-4365-437E-A47E-207DB6E08D54}.Debug|Any CPU.Build.0 = Debug|Any CPU
		{4D4077C2-4365-437E-A47E-207DB6E08D54}.Release|Any CPU.ActiveCfg = Release|Any CPU
		{4D4077C2-4365-437E-A47E-207DB6E08D54}.Release|Any CPU.Build.0 = Release|Any CPU
	EndGlobalSection
	GlobalSection(SolutionProperties) = preSolution
		HideSolutionNode = FALSE
	EndGlobalSection
	GlobalSection(ExtensibilityGlobals) = postSolution
		SolutionGuid = {CC3FEB9E-2DA0-419D-B539-817FC6632B5F}
	EndGlobalSection
EndGlobal
