
Microsoft Visual Studio Solution File, Format Version 12.00
# Visual Studio 15
VisualStudioVersion = 15.0.26730.3
MinimumVisualStudioVersion = 10.0.40219.1
Project("{FAE04EC0-301F-11D3-BF4B-00C04F79EFBC}") = "Travelling Policeman", "Travelling Policeman\Travelling Policeman.csproj", "{A3285B55-5677-4CE3-9499-F1B637F7B87A}"
EndProject
Global
	GlobalSection(SolutionConfigurationPlatforms) = preSolution
		Debug|Any CPU = Debug|Any CPU
		Release|Any CPU = Release|Any CPU
	EndGlobalSection
	GlobalSection(ProjectConfigurationPlatforms) = postSolution
		{A3285B55-5677-4CE3-9499-F1B637F7B87A}.Debug|Any CPU.ActiveCfg = Debug|Any CPU
		{A3285B55-5677-4CE3-9499-F1B637F7B87A}.Debug|Any CPU.Build.0 = Debug|Any CPU
		{A3285B55-5677-4CE3-9499-F1B637F7B87A}.Release|Any CPU.ActiveCfg = Release|Any CPU
		{A3285B55-5677-4CE3-9499-F1B637F7B87A}.Release|Any CPU.Build.0 = Release|Any CPU
	EndGlobalSection
	GlobalSection(SolutionProperties) = preSolution
		HideSolutionNode = FALSE
	EndGlobalSection
	GlobalSection(ExtensibilityGlobals) = postSolution
		SolutionGuid = {D147B9CD-B0F6-4274-9D0F-032ECED0B5AD}
	EndGlobalSection
EndGlobal
