
Microsoft Visual Studio Solution File, Format Version 12.00
# Visual Studio 15
VisualStudioVersion = 15.0.26430.15
MinimumVisualStudioVersion = 10.0.40219.1
Project("{FAE04EC0-301F-11D3-BF4B-00C04F79EFBC}") = "1. Stars in the Cube", "1. Stars in the Cube\1. Stars in the Cube.csproj", "{CA6667C6-A9A7-40DE-A80B-3F4B1756EDFE}"
EndProject
Global
	GlobalSection(SolutionConfigurationPlatforms) = preSolution
		Debug|Any CPU = Debug|Any CPU
		Release|Any CPU = Release|Any CPU
	EndGlobalSection
	GlobalSection(ProjectConfigurationPlatforms) = postSolution
		{CA6667C6-A9A7-40DE-A80B-3F4B1756EDFE}.Debug|Any CPU.ActiveCfg = Debug|Any CPU
		{CA6667C6-A9A7-40DE-A80B-3F4B1756EDFE}.Debug|Any CPU.Build.0 = Debug|Any CPU
		{CA6667C6-A9A7-40DE-A80B-3F4B1756EDFE}.Release|Any CPU.ActiveCfg = Release|Any CPU
		{CA6667C6-A9A7-40DE-A80B-3F4B1756EDFE}.Release|Any CPU.Build.0 = Release|Any CPU
	EndGlobalSection
	GlobalSection(SolutionProperties) = preSolution
		HideSolutionNode = FALSE
	EndGlobalSection
EndGlobal
